<?xml version="1.0" encoding="utf-8"?>
<Project ToolsVersion="4.0" xmlns="http://schemas.microsoft.com/developer/msbuild/2003">
  <ItemGroup>
    <Filter Include="Source Files">
      <UniqueIdentifier>{CC3CE37F-712A-4559-A698-F2BB0FD4818D}</UniqueIdentifier>
      <Extensions>cpp;c;cc;cxx;def;odl;idl;hpj;bat;asm;asmx</Extensions>
    </Filter>
    <Filter Include="Shaders">
      <UniqueIdentifier>{ee84e819-9378-4453-9db4-bbdd924487af}</UniqueIdentifier>
    </Filter>
  </ItemGroup>
  <ItemGroup>
    <ClCompile Include="src\base\App.cpp">
      <Filter>Source Files</Filter>
    </ClCompile>
    <ClCompile Include="src\base\particle_systems.cpp">
      <Filter>Source Files</Filter>
    </ClCompile>
    <ClCompile Include="src\base\integrators.cpp">
      <Filter>Source Files</Filter>
    </ClCompile>
    <ClCompile Include="src\base\ComputeCloth.cpp">
      <Filter>Source Files</Filter>
    </ClCompile>
    <ClCompile Include="src\base\Shader.cpp">
      <Filter>Source Files</Filter>
    </ClCompile>
  </ItemGroup>
  <ItemGroup>
    <ClInclude Include="src\base\App.hpp">
      <Filter>Source Files</Filter>
    </ClInclude>
    <ClInclude Include="src\base\particle_systems.hpp">
      <Filter>Source Files</Filter>
    </ClInclude>
    <ClInclude Include="src\base\integrators.hpp">
      <Filter>Source Files</Filter>
    </ClInclude>
    <ClInclude Include="src\base\utility.hpp">
      <Filter>Source Files</Filter>
    </ClInclude>
    <ClInclude Include="src\base\ComputeCloth.hpp">
      <Filter>Source Files</Filter>
    </ClInclude>
    <ClInclude Include="src\base\Shader.hpp">
      <Filter>Source Files</Filter>
    </ClInclude>
  </ItemGroup>
  <ItemGroup>
    <None Include="shaders\reset.glsl">
      <Filter>Shaders</Filter>
    </None>
    <None Include="shaders\triangle.glsl">
      <Filter>Shaders</Filter>
    </None>
    <None Include="shaders\evalF.glsl">
      <Filter>Shaders</Filter>
    </None>
    <None Include="shaders\genRenderData.glsl">
      <Filter>Shaders</Filter>
    </None>
    <None Include="shaders\line.glsl">
      <Filter>Shaders</Filter>
    </None>
    <None Include="shaders\point.glsl">
      <Filter>Shaders</Filter>
    </None>
    <None Include="shaders\BxcPlusD.glsl">
      <Filter>Shaders</Filter>
    </None>
  </ItemGroup>
</Project>